// !$*UTF8*$!
{
	archiveVersion = 1;
	classes = {
	};
	objectVersion = 50;
	objects = {

/* Begin PBXBuildFile section */
		11415C3B25F25DC9003A0102 /* UIColor+Theme.swift in Sources */ = {isa = PBXBuildFile; fileRef = 11415C3A25F25DC9003A0102 /* UIColor+Theme.swift */; };
		1143202B25F37173005A89E7 /* CoreDataManager.swift in Sources */ = {isa = PBXBuildFile; fileRef = 1143202A25F37173005A89E7 /* CoreDataManager.swift */; };
		115A14C225F4E49600945279 /* CompanyCell.swift in Sources */ = {isa = PBXBuildFile; fileRef = 115A14C125F4E49600945279 /* CompanyCell.swift */; };
		116991AE25F89B8F00B9C1A7 /* EmployeeType.swift in Sources */ = {isa = PBXBuildFile; fileRef = 116991AD25F89B8F00B9C1A7 /* EmployeeType.swift */; };
		116C3A0E25F206DA00A5AFF6 /* AppDelegate.swift in Sources */ = {isa = PBXBuildFile; fileRef = 116C3A0D25F206DA00A5AFF6 /* AppDelegate.swift */; };
		116C3A1025F206DA00A5AFF6 /* SceneDelegate.swift in Sources */ = {isa = PBXBuildFile; fileRef = 116C3A0F25F206DA00A5AFF6 /* SceneDelegate.swift */; };
		116C3A1225F206DA00A5AFF6 /* CompaniesControler.swift in Sources */ = {isa = PBXBuildFile; fileRef = 116C3A1125F206DA00A5AFF6 /* CompaniesControler.swift */; };
		116C3A1525F206DA00A5AFF6 /* Main.storyboard in Resources */ = {isa = PBXBuildFile; fileRef = 116C3A1325F206DA00A5AFF6 /* Main.storyboard */; };
		116C3A1725F206DE00A5AFF6 /* Assets.xcassets in Resources */ = {isa = PBXBuildFile; fileRef = 116C3A1625F206DE00A5AFF6 /* Assets.xcassets */; };
		116C3A1A25F206DE00A5AFF6 /* LaunchScreen.storyboard in Resources */ = {isa = PBXBuildFile; fileRef = 116C3A1825F206DE00A5AFF6 /* LaunchScreen.storyboard */; };
		117D47E625FB3CEB00B04A2E /* CompaniesAutoUpdateController.swift in Sources */ = {isa = PBXBuildFile; fileRef = 117D47E525FB3CEB00B04A2E /* CompaniesAutoUpdateController.swift */; };
		117D47E925FB92BC00B04A2E /* APIServise.swift in Sources */ = {isa = PBXBuildFile; fileRef = 117D47E825FB92BC00B04A2E /* APIServise.swift */; };
		119B555625F2790000CE886B /* CreateCompanyController.swift in Sources */ = {isa = PBXBuildFile; fileRef = 119B555525F2790000CE886B /* CreateCompanyController.swift */; };
		119B555B25F2C2ED00CE886B /* CompaniesDB.xcdatamodeld in Sources */ = {isa = PBXBuildFile; fileRef = 119B555925F2C2ED00CE886B /* CompaniesDB.xcdatamodeld */; };
		11AC1FEE25F5194E0001299A /* CompaniesController+CreateCompantController.swift in Sources */ = {isa = PBXBuildFile; fileRef = 11AC1FED25F5194E0001299A /* CompaniesController+CreateCompantController.swift */; };
		11AC1FF125F51AC10001299A /* CompaniesController+UITableViewDelegate.swift in Sources */ = {isa = PBXBuildFile; fileRef = 11AC1FF025F51AC10001299A /* CompaniesController+UITableViewDelegate.swift */; };
		11AC1FF525F525710001299A /* EmployeesControler.swift in Sources */ = {isa = PBXBuildFile; fileRef = 11AC1FF425F525710001299A /* EmployeesControler.swift */; };
		11AC1FFA25F52BDC0001299A /* UIViewController+Helpers.swift in Sources */ = {isa = PBXBuildFile; fileRef = 11AC1FF925F52BDC0001299A /* UIViewController+Helpers.swift */; };
		11AC1FFD25F5346C0001299A /* CreateEmployeeController.swift in Sources */ = {isa = PBXBuildFile; fileRef = 11AC1FFC25F5346C0001299A /* CreateEmployeeController.swift */; };
/* End PBXBuildFile section */

/* Begin PBXFileReference section */
		11415C3A25F25DC9003A0102 /* UIColor+Theme.swift */ = {isa = PBXFileReference; lastKnownFileType = sourcecode.swift; path = "UIColor+Theme.swift"; sourceTree = "<group>"; };
		1143202A25F37173005A89E7 /* CoreDataManager.swift */ = {isa = PBXFileReference; lastKnownFileType = sourcecode.swift; path = CoreDataManager.swift; sourceTree = "<group>"; };
		115A14C125F4E49600945279 /* CompanyCell.swift */ = {isa = PBXFileReference; lastKnownFileType = sourcecode.swift; path = CompanyCell.swift; sourceTree = "<group>"; };
		116991AD25F89B8F00B9C1A7 /* EmployeeType.swift */ = {isa = PBXFileReference; lastKnownFileType = sourcecode.swift; path = EmployeeType.swift; sourceTree = "<group>"; };
		116C3A0A25F206DA00A5AFF6 /* CompanyApp.app */ = {isa = PBXFileReference; explicitFileType = wrapper.application; includeInIndex = 0; path = CompanyApp.app; sourceTree = BUILT_PRODUCTS_DIR; };
		116C3A0D25F206DA00A5AFF6 /* AppDelegate.swift */ = {isa = PBXFileReference; lastKnownFileType = sourcecode.swift; path = AppDelegate.swift; sourceTree = "<group>"; };
		116C3A0F25F206DA00A5AFF6 /* SceneDelegate.swift */ = {isa = PBXFileReference; lastKnownFileType = sourcecode.swift; path = SceneDelegate.swift; sourceTree = "<group>"; };
		116C3A1125F206DA00A5AFF6 /* CompaniesControler.swift */ = {isa = PBXFileReference; lastKnownFileType = sourcecode.swift; path = CompaniesControler.swift; sourceTree = "<group>"; };
		116C3A1425F206DA00A5AFF6 /* Base */ = {isa = PBXFileReference; lastKnownFileType = file.storyboard; name = Base; path = Base.lproj/Main.storyboard; sourceTree = "<group>"; };
		116C3A1625F206DE00A5AFF6 /* Assets.xcassets */ = {isa = PBXFileReference; lastKnownFileType = folder.assetcatalog; path = Assets.xcassets; sourceTree = "<group>"; };
		116C3A1925F206DE00A5AFF6 /* Base */ = {isa = PBXFileReference; lastKnownFileType = file.storyboard; name = Base; path = Base.lproj/LaunchScreen.storyboard; sourceTree = "<group>"; };
		116C3A1B25F206DE00A5AFF6 /* Info.plist */ = {isa = PBXFileReference; lastKnownFileType = text.plist.xml; path = Info.plist; sourceTree = "<group>"; };
		117D47E525FB3CEB00B04A2E /* CompaniesAutoUpdateController.swift */ = {isa = PBXFileReference; lastKnownFileType = sourcecode.swift; path = CompaniesAutoUpdateController.swift; sourceTree = "<group>"; };
		117D47E825FB92BC00B04A2E /* APIServise.swift */ = {isa = PBXFileReference; lastKnownFileType = sourcecode.swift; path = APIServise.swift; sourceTree = "<group>"; };
		117D47EB25FBE3FA00B04A2E /* CompaniesDB 2_v1.1.xcdatamodel */ = {isa = PBXFileReference; lastKnownFileType = wrapper.xcdatamodel; path = "CompaniesDB 2_v1.1.xcdatamodel"; sourceTree = "<group>"; };
		119B555525F2790000CE886B /* CreateCompanyController.swift */ = {isa = PBXFileReference; lastKnownFileType = sourcecode.swift; path = CreateCompanyController.swift; sourceTree = "<group>"; };
		119B555A25F2C2ED00CE886B /* CompaniesDB.xcdatamodel */ = {isa = PBXFileReference; lastKnownFileType = wrapper.xcdatamodel; path = CompaniesDB.xcdatamodel; sourceTree = "<group>"; };
		11AC1FED25F5194E0001299A /* CompaniesController+CreateCompantController.swift */ = {isa = PBXFileReference; lastKnownFileType = sourcecode.swift; path = "CompaniesController+CreateCompantController.swift"; sourceTree = "<group>"; };
		11AC1FF025F51AC10001299A /* CompaniesController+UITableViewDelegate.swift */ = {isa = PBXFileReference; lastKnownFileType = sourcecode.swift; path = "CompaniesController+UITableViewDelegate.swift"; sourceTree = "<group>"; };
		11AC1FF425F525710001299A /* EmployeesControler.swift */ = {isa = PBXFileReference; lastKnownFileType = sourcecode.swift; path = EmployeesControler.swift; sourceTree = "<group>"; };
		11AC1FF925F52BDC0001299A /* UIViewController+Helpers.swift */ = {isa = PBXFileReference; lastKnownFileType = sourcecode.swift; path = "UIViewController+Helpers.swift"; sourceTree = "<group>"; };
		11AC1FFC25F5346C0001299A /* CreateEmployeeController.swift */ = {isa = PBXFileReference; lastKnownFileType = sourcecode.swift; path = CreateEmployeeController.swift; sourceTree = "<group>"; };
/* End PBXFileReference section */

/* Begin PBXFrameworksBuildPhase section */
		116C3A0725F206DA00A5AFF6 /* Frameworks */ = {
			isa = PBXFrameworksBuildPhase;
			buildActionMask = 2147483647;
			files = (
			);
			runOnlyForDeploymentPostprocessing = 0;
		};
/* End PBXFrameworksBuildPhase section */

/* Begin PBXGroup section */
		115A14C425F4E62400945279 /* Companies */ = {
			isa = PBXGroup;
			children = (
				11EA241125F5675200EB3870 /* Employees */,
				116C3A1125F206DA00A5AFF6 /* CompaniesControler.swift */,
				119B555525F2790000CE886B /* CreateCompanyController.swift */,
				115A14C125F4E49600945279 /* CompanyCell.swift */,
				11AC1FED25F5194E0001299A /* CompaniesController+CreateCompantController.swift */,
				11AC1FF025F51AC10001299A /* CompaniesController+UITableViewDelegate.swift */,
				117D47E525FB3CEB00B04A2E /* CompaniesAutoUpdateController.swift */,
				117D47E825FB92BC00B04A2E /* APIServise.swift */,
			);
			path = Companies;
			sourceTree = "<group>";
		};
		116C3A0125F206DA00A5AFF6 = {
			isa = PBXGroup;
			children = (
				116C3A0C25F206DA00A5AFF6 /* CompanyApp */,
				116C3A0B25F206DA00A5AFF6 /* Products */,
			);
			sourceTree = "<group>";
		};
		116C3A0B25F206DA00A5AFF6 /* Products */ = {
			isa = PBXGroup;
			children = (
				116C3A0A25F206DA00A5AFF6 /* CompanyApp.app */,
			);
			name = Products;
			sourceTree = "<group>";
		};
		116C3A0C25F206DA00A5AFF6 /* CompanyApp */ = {
			isa = PBXGroup;
			children = (
				11AC1FF825F52BB60001299A /* Helpers */,
				115A14C425F4E62400945279 /* Companies */,
				116C3A0D25F206DA00A5AFF6 /* AppDelegate.swift */,
				116C3A0F25F206DA00A5AFF6 /* SceneDelegate.swift */,
				1143202A25F37173005A89E7 /* CoreDataManager.swift */,
				116C3A1325F206DA00A5AFF6 /* Main.storyboard */,
				116C3A1625F206DE00A5AFF6 /* Assets.xcassets */,
				116C3A1825F206DE00A5AFF6 /* LaunchScreen.storyboard */,
				116C3A1B25F206DE00A5AFF6 /* Info.plist */,
				11415C3A25F25DC9003A0102 /* UIColor+Theme.swift */,
				119B555925F2C2ED00CE886B /* CompaniesDB.xcdatamodeld */,
			);
			path = CompanyApp;
			sourceTree = "<group>";
		};
		11AC1FF825F52BB60001299A /* Helpers */ = {
			isa = PBXGroup;
			children = (
				11AC1FF925F52BDC0001299A /* UIViewController+Helpers.swift */,
			);
			path = Helpers;
			sourceTree = "<group>";
		};
		11EA241125F5675200EB3870 /* Employees */ = {
			isa = PBXGroup;
			children = (
				11AC1FFC25F5346C0001299A /* CreateEmployeeController.swift */,
				11AC1FF425F525710001299A /* EmployeesControler.swift */,
				116991AD25F89B8F00B9C1A7 /* EmployeeType.swift */,
			);
			path = Employees;
			sourceTree = "<group>";
		};
/* End PBXGroup section */

/* Begin PBXNativeTarget section */
		116C3A0925F206DA00A5AFF6 /* CompanyApp */ = {
			isa = PBXNativeTarget;
			buildConfigurationList = 116C3A1E25F206DE00A5AFF6 /* Build configuration list for PBXNativeTarget "CompanyApp" */;
			buildPhases = (
				116C3A0625F206DA00A5AFF6 /* Sources */,
				116C3A0725F206DA00A5AFF6 /* Frameworks */,
				116C3A0825F206DA00A5AFF6 /* Resources */,
			);
			buildRules = (
			);
			dependencies = (
			);
			name = CompanyApp;
			productName = CompanyApp;
			productReference = 116C3A0A25F206DA00A5AFF6 /* CompanyApp.app */;
			productType = "com.apple.product-type.application";
		};
/* End PBXNativeTarget section */

/* Begin PBXProject section */
		116C3A0225F206DA00A5AFF6 /* Project object */ = {
			isa = PBXProject;
			attributes = {
				LastSwiftUpdateCheck = 1240;
				LastUpgradeCheck = 1240;
				TargetAttributes = {
					116C3A0925F206DA00A5AFF6 = {
						CreatedOnToolsVersion = 12.4;
					};
				};
			};
			buildConfigurationList = 116C3A0525F206DA00A5AFF6 /* Build configuration list for PBXProject "CompanyApp" */;
			compatibilityVersion = "Xcode 9.3";
			developmentRegion = en;
			hasScannedForEncodings = 0;
			knownRegions = (
				en,
				Base,
			);
			mainGroup = 116C3A0125F206DA00A5AFF6;
			productRefGroup = 116C3A0B25F206DA00A5AFF6 /* Products */;
			projectDirPath = "";
			projectRoot = "";
			targets = (
				116C3A0925F206DA00A5AFF6 /* CompanyApp */,
			);
		};
/* End PBXProject section */

/* Begin PBXResourcesBuildPhase section */
		116C3A0825F206DA00A5AFF6 /* Resources */ = {
			isa = PBXResourcesBuildPhase;
			buildActionMask = 2147483647;
			files = (
				116C3A1A25F206DE00A5AFF6 /* LaunchScreen.storyboard in Resources */,
				116C3A1725F206DE00A5AFF6 /* Assets.xcassets in Resources */,
				116C3A1525F206DA00A5AFF6 /* Main.storyboard in Resources */,
			);
			runOnlyForDeploymentPostprocessing = 0;
		};
/* End PBXResourcesBuildPhase section */

/* Begin PBXSourcesBuildPhase section */
		116C3A0625F206DA00A5AFF6 /* Sources */ = {
			isa = PBXSourcesBuildPhase;
			buildActionMask = 2147483647;
			files = (
				116C3A1225F206DA00A5AFF6 /* CompaniesControler.swift in Sources */,
				11415C3B25F25DC9003A0102 /* UIColor+Theme.swift in Sources */,
				116C3A0E25F206DA00A5AFF6 /* AppDelegate.swift in Sources */,
				119B555B25F2C2ED00CE886B /* CompaniesDB.xcdatamodeld in Sources */,
				11AC1FFA25F52BDC0001299A /* UIViewController+Helpers.swift in Sources */,
				115A14C225F4E49600945279 /* CompanyCell.swift in Sources */,
				117D47E925FB92BC00B04A2E /* APIServise.swift in Sources */,
				11AC1FF125F51AC10001299A /* CompaniesController+UITableViewDelegate.swift in Sources */,
				116991AE25F89B8F00B9C1A7 /* EmployeeType.swift in Sources */,
				11AC1FFD25F5346C0001299A /* CreateEmployeeController.swift in Sources */,
				11AC1FF525F525710001299A /* EmployeesControler.swift in Sources */,
				116C3A1025F206DA00A5AFF6 /* SceneDelegate.swift in Sources */,
				117D47E625FB3CEB00B04A2E /* CompaniesAutoUpdateController.swift in Sources */,
				1143202B25F37173005A89E7 /* CoreDataManager.swift in Sources */,
				11AC1FEE25F5194E0001299A /* CompaniesController+CreateCompantController.swift in Sources */,
				119B555625F2790000CE886B /* CreateCompanyController.swift in Sources */,
			);
			runOnlyForDeploymentPostprocessing = 0;
		};
/* End PBXSourcesBuildPhase section */

/* Begin PBXVariantGroup section */
		116C3A1325F206DA00A5AFF6 /* Main.storyboard */ = {
			isa = PBXVariantGroup;
			children = (
				116C3A1425F206DA00A5AFF6 /* Base */,
			);
			name = Main.storyboard;
			sourceTree = "<group>";
		};
		116C3A1825F206DE00A5AFF6 /* LaunchScreen.storyboard */ = {
			isa = PBXVariantGroup;
			children = (
				116C3A1925F206DE00A5AFF6 /* Base */,
			);
			name = LaunchScreen.storyboard;
			sourceTree = "<group>";
		};
/* End PBXVariantGroup section */

/* Begin XCBuildConfiguration section */
		116C3A1C25F206DE00A5AFF6 /* Debug */ = {
			isa = XCBuildConfiguration;
			buildSettings = {
				ALWAYS_SEARCH_USER_PATHS = NO;
				CLANG_ANALYZER_NONNULL = YES;
				CLANG_ANALYZER_NUMBER_OBJECT_CONVERSION = YES_AGGRESSIVE;
				CLANG_CXX_LANGUAGE_STANDARD = "gnu++14";
				CLANG_CXX_LIBRARY = "libc++";
				CLANG_ENABLE_MODULES = YES;
				CLANG_ENABLE_OBJC_ARC = YES;
				CLANG_ENABLE_OBJC_WEAK = YES;
				CLANG_WARN_BLOCK_CAPTURE_AUTORELEASING = YES;
				CLANG_WARN_BOOL_CONVERSION = YES;
				CLANG_WARN_COMMA = YES;
				CLANG_WARN_CONSTANT_CONVERSION = YES;
				CLANG_WARN_DEPRECATED_OBJC_IMPLEMENTATIONS = YES;
				CLANG_WARN_DIRECT_OBJC_ISA_USAGE = YES_ERROR;
				CLANG_WARN_DOCUMENTATION_COMMENTS = YES;
				CLANG_WARN_EMPTY_BODY = YES;
				CLANG_WARN_ENUM_CONVERSION = YES;
				CLANG_WARN_INFINITE_RECURSION = YES;
				CLANG_WARN_INT_CONVERSION = YES;
				CLANG_WARN_NON_LITERAL_NULL_CONVERSION = YES;
				CLANG_WARN_OBJC_IMPLICIT_RETAIN_SELF = YES;
				CLANG_WARN_OBJC_LITERAL_CONVERSION = YES;
				CLANG_WARN_OBJC_ROOT_CLASS = YES_ERROR;
				CLANG_WARN_QUOTED_INCLUDE_IN_FRAMEWORK_HEADER = YES;
				CLANG_WARN_RANGE_LOOP_ANALYSIS = YES;
				CLANG_WARN_STRICT_PROTOTYPES = YES;
				CLANG_WARN_SUSPICIOUS_MOVE = YES;
				CLANG_WARN_UNGUARDED_AVAILABILITY = YES_AGGRESSIVE;
				CLANG_WARN_UNREACHABLE_CODE = YES;
				CLANG_WARN__DUPLICATE_METHOD_MATCH = YES;
				COPY_PHASE_STRIP = NO;
				DEBUG_INFORMATION_FORMAT = dwarf;
				ENABLE_STRICT_OBJC_MSGSEND = YES;
				ENABLE_TESTABILITY = YES;
				GCC_C_LANGUAGE_STANDARD = gnu11;
				GCC_DYNAMIC_NO_PIC = NO;
				GCC_NO_COMMON_BLOCKS = YES;
				GCC_OPTIMIZATION_LEVEL = 0;
				GCC_PREPROCESSOR_DEFINITIONS = (
					"DEBUG=1",
					"$(inherited)",
				);
				GCC_WARN_64_TO_32_BIT_CONVERSION = YES;
				GCC_WARN_ABOUT_RETURN_TYPE = YES_ERROR;
				GCC_WARN_UNDECLARED_SELECTOR = YES;
				GCC_WARN_UNINITIALIZED_AUTOS = YES_AGGRESSIVE;
				GCC_WARN_UNUSED_FUNCTION = YES;
				GCC_WARN_UNUSED_VARIABLE = YES;
				IPHONEOS_DEPLOYMENT_TARGET = 14.4;
				MTL_ENABLE_DEBUG_INFO = INCLUDE_SOURCE;
				MTL_FAST_MATH = YES;
				ONLY_ACTIVE_ARCH = YES;
				SDKROOT = iphoneos;
				SWIFT_ACTIVE_COMPILATION_CONDITIONS = DEBUG;
				SWIFT_OPTIMIZATION_LEVEL = "-Onone";
			};
			name = Debug;
		};
		116C3A1D25F206DE00A5AFF6 /* Release */ = {
			isa = XCBuildConfiguration;
			buildSettings = {
				ALWAYS_SEARCH_USER_PATHS = NO;
				CLANG_ANALYZER_NONNULL = YES;
				CLANG_ANALYZER_NUMBER_OBJECT_CONVERSION = YES_AGGRESSIVE;
				CLANG_CXX_LANGUAGE_STANDARD = "gnu++14";
				CLANG_CXX_LIBRARY = "libc++";
				CLANG_ENABLE_MODULES = YES;
				CLANG_ENABLE_OBJC_ARC = YES;
				CLANG_ENABLE_OBJC_WEAK = YES;
				CLANG_WARN_BLOCK_CAPTURE_AUTORELEASING = YES;
				CLANG_WARN_BOOL_CONVERSION = YES;
				CLANG_WARN_COMMA = YES;
				CLANG_WARN_CONSTANT_CONVERSION = YES;
				CLANG_WARN_DEPRECATED_OBJC_IMPLEMENTATIONS = YES;
				CLANG_WARN_DIRECT_OBJC_ISA_USAGE = YES_ERROR;
				CLANG_WARN_DOCUMENTATION_COMMENTS = YES;
				CLANG_WARN_EMPTY_BODY = YES;
				CLANG_WARN_ENUM_CONVERSION = YES;
				CLANG_WARN_INFINITE_RECURSION = YES;
				CLANG_WARN_INT_CONVERSION = YES;
				CLANG_WARN_NON_LITERAL_NULL_CONVERSION = YES;
				CLANG_WARN_OBJC_IMPLICIT_RETAIN_SELF = YES;
				CLANG_WARN_OBJC_LITERAL_CONVERSION = YES;
				CLANG_WARN_OBJC_ROOT_CLASS = YES_ERROR;
				CLANG_WARN_QUOTED_INCLUDE_IN_FRAMEWORK_HEADER = YES;
				CLANG_WARN_RANGE_LOOP_ANALYSIS = YES;
				CLANG_WARN_STRICT_PROTOTYPES = YES;
				CLANG_WARN_SUSPICIOUS_MOVE = YES;
				CLANG_WARN_UNGUARDED_AVAILABILITY = YES_AGGRESSIVE;
				CLANG_WARN_UNREACHABLE_CODE = YES;
				CLANG_WARN__DUPLICATE_METHOD_MATCH = YES;
				COPY_PHASE_STRIP = NO;
				DEBUG_INFORMATION_FORMAT = "dwarf-with-dsym";
				ENABLE_NS_ASSERTIONS = NO;
				ENABLE_STRICT_OBJC_MSGSEND = YES;
				GCC_C_LANGUAGE_STANDARD = gnu11;
				GCC_NO_COMMON_BLOCKS = YES;
				GCC_WARN_64_TO_32_BIT_CONVERSION = YES;
				GCC_WARN_ABOUT_RETURN_TYPE = YES_ERROR;
				GCC_WARN_UNDECLARED_SELECTOR = YES;
				GCC_WARN_UNINITIALIZED_AUTOS = YES_AGGRESSIVE;
				GCC_WARN_UNUSED_FUNCTION = YES;
				GCC_WARN_UNUSED_VARIABLE = YES;
				IPHONEOS_DEPLOYMENT_TARGET = 14.4;
				MTL_ENABLE_DEBUG_INFO = NO;
				MTL_FAST_MATH = YES;
				SDKROOT = iphoneos;
				SWIFT_COMPILATION_MODE = wholemodule;
				SWIFT_OPTIMIZATION_LEVEL = "-O";
				VALIDATE_PRODUCT = YES;
			};
			name = Release;
		};
		116C3A1F25F206DE00A5AFF6 /* Debug */ = {
			isa = XCBuildConfiguration;
			buildSettings = {
				ASSETCATALOG_COMPILER_APPICON_NAME = AppIcon;
				ASSETCATALOG_COMPILER_GLOBAL_ACCENT_COLOR_NAME = AccentColor;
				CODE_SIGN_STYLE = Automatic;
				DEVELOPMENT_TEAM = F463Y88YDK;
				INFOPLIST_FILE = CompanyApp/Info.plist;
				LD_RUNPATH_SEARCH_PATHS = (
					"$(inherited)",
					"@executable_path/Frameworks",
				);
				PRODUCT_BUNDLE_IDENTIFIER = NikitaOrg.CompanyApp;
				PRODUCT_NAME = "$(TARGET_NAME)";
				SWIFT_VERSION = 5.0;
				TARGETED_DEVICE_FAMILY = "1,2";
			};
			name = Debug;
		};
		116C3A2025F206DE00A5AFF6 /* Release */ = {
			isa = XCBuildConfiguration;
			buildSettings = {
				ASSETCATALOG_COMPILER_APPICON_NAME = AppIcon;
				ASSETCATALOG_COMPILER_GLOBAL_ACCENT_COLOR_NAME = AccentColor;
				CODE_SIGN_STYLE = Automatic;
				DEVELOPMENT_TEAM = F463Y88YDK;
				INFOPLIST_FILE = CompanyApp/Info.plist;
				LD_RUNPATH_SEARCH_PATHS = (
					"$(inherited)",
					"@executable_path/Frameworks",
				);
				PRODUCT_BUNDLE_IDENTIFIER = NikitaOrg.CompanyApp;
				PRODUCT_NAME = "$(TARGET_NAME)";
				SWIFT_VERSION = 5.0;
				TARGETED_DEVICE_FAMILY = "1,2";
			};
			name = Release;
		};
/* End XCBuildConfiguration section */

/* Begin XCConfigurationList section */
		116C3A0525F206DA00A5AFF6 /* Build configuration list for PBXProject "CompanyApp" */ = {
			isa = XCConfigurationList;
			buildConfigurations = (
				116C3A1C25F206DE00A5AFF6 /* Debug */,
				116C3A1D25F206DE00A5AFF6 /* Release */,
			);
			defaultConfigurationIsVisible = 0;
			defaultConfigurationName = Release;
		};
		116C3A1E25F206DE00A5AFF6 /* Build configuration list for PBXNativeTarget "CompanyApp" */ = {
			isa = XCConfigurationList;
			buildConfigurations = (
				116C3A1F25F206DE00A5AFF6 /* Debug */,
				116C3A2025F206DE00A5AFF6 /* Release */,
			);
			defaultConfigurationIsVisible = 0;
			defaultConfigurationName = Release;
		};
/* End XCConfigurationList section */

/* Begin XCVersionGroup section */
		119B555925F2C2ED00CE886B /* CompaniesDB.xcdatamodeld */ = {
			isa = XCVersionGroup;
			children = (
				117D47EB25FBE3FA00B04A2E /* CompaniesDB 2_v1.1.xcdatamodel */,
				119B555A25F2C2ED00CE886B /* CompaniesDB.xcdatamodel */,
			);
			currentVersion = 119B555A25F2C2ED00CE886B /* CompaniesDB.xcdatamodel */;
			path = CompaniesDB.xcdatamodeld;
			sourceTree = "<group>";
			versionGroupType = wrapper.xcdatamodel;
		};
/* End XCVersionGroup section */
	};
	rootObject = 116C3A0225F206DA00A5AFF6 /* Project object */;
}
